
Microsoft Visual Studio Solution File, Format Version 12.00
# Visual Studio Version 17
VisualStudioVersion = 17.2.32630.192
MinimumVisualStudioVersion = 10.0.40219.1
Project("{FAE04EC0-301F-11D3-BF4B-00C04F79EFBC}") = "ApiRestD", "ApiRestD\ApiRestD.csproj", "{21B473B4-2DD3-4F50-B8A2-A8AE520756C8}"
EndProject
Project("{FAE04EC0-301F-11D3-BF4B-00C04F79EFBC}") = "Datos", "Datos\Datos.csproj", "{A8E69416-EC3D-4A51-8B44-8D2B0BA6DE40}"
EndProject
Project("{FAE04EC0-301F-11D3-BF4B-00C04F79EFBC}") = "Negocio", "Negocio\Negocio.csproj", "{8F7344D7-8DF6-4065-9F94-DEC889785435}"
EndProject
Global
	GlobalSection(SolutionConfigurationPlatforms) = preSolution
		Debug|Any CPU = Debug|Any CPU
		Release|Any CPU = Release|Any CPU
	EndGlobalSection
	GlobalSection(ProjectConfigurationPlatforms) = postSolution
		{21B473B4-2DD3-4F50-B8A2-A8AE520756C8}.Debug|Any CPU.ActiveCfg = Debug|Any CPU
		{21B473B4-2DD3-4F50-B8A2-A8AE520756C8}.Debug|Any CPU.Build.0 = Debug|Any CPU
		{21B473B4-2DD3-4F50-B8A2-A8AE520756C8}.Release|Any CPU.ActiveCfg = Release|Any CPU
		{21B473B4-2DD3-4F50-B8A2-A8AE520756C8}.Release|Any CPU.Build.0 = Release|Any CPU
		{A8E69416-EC3D-4A51-8B44-8D2B0BA6DE40}.Debug|Any CPU.ActiveCfg = Debug|Any CPU
		{A8E69416-EC3D-4A51-8B44-8D2B0BA6DE40}.Debug|Any CPU.Build.0 = Debug|Any CPU
		{A8E69416-EC3D-4A51-8B44-8D2B0BA6DE40}.Release|Any CPU.ActiveCfg = Release|Any CPU
		{A8E69416-EC3D-4A51-8B44-8D2B0BA6DE40}.Release|Any CPU.Build.0 = Release|Any CPU
		{8F7344D7-8DF6-4065-9F94-DEC889785435}.Debug|Any CPU.ActiveCfg = Debug|Any CPU
		{8F7344D7-8DF6-4065-9F94-DEC889785435}.Debug|Any CPU.Build.0 = Debug|Any CPU
		{8F7344D7-8DF6-4065-9F94-DEC889785435}.Release|Any CPU.ActiveCfg = Release|Any CPU
		{8F7344D7-8DF6-4065-9F94-DEC889785435}.Release|Any CPU.Build.0 = Release|Any CPU
	EndGlobalSection
	GlobalSection(SolutionProperties) = preSolution
		HideSolutionNode = FALSE
	EndGlobalSection
	GlobalSection(ExtensibilityGlobals) = postSolution
		SolutionGuid = {441AF78F-1FDD-4219-97AA-065D5D22A17C}
	EndGlobalSection
EndGlobal
